// !$*UTF8*$!
{
	archiveVersion = 1;
	classes = {
	};
	objectVersion = 77;
	objects = {

/* Begin PBXContainerItemProxy section */
		C86424542D88DBFB00D7A9D6 /* PBXContainerItemProxy */ = {
			isa = PBXContainerItemProxy;
			containerPortal = C86424322D88DBF900D7A9D6 /* Project object */;
			proxyType = 1;
			remoteGlobalIDString = C86424392D88DBFA00D7A9D6;
			remoteInfo = Mobile_Managerio_Project;
		};
		C864245E2D88DBFB00D7A9D6 /* PBXContainerItemProxy */ = {
			isa = PBXContainerItemProxy;
			containerPortal = C86424322D88DBF900D7A9D6 /* Project object */;
			proxyType = 1;
			remoteGlobalIDString = C86424392D88DBFA00D7A9D6;
			remoteInfo = Mobile_Managerio_Project;
		};
/* End PBXContainerItemProxy section */

/* Begin PBXFileReference section */
		C864243A2D88DBFA00D7A9D6 /* Mobile_Managerio_Project.app */ = {isa = PBXFileReference; explicitFileType = wrapper.application; includeInIndex = 0; path = Mobile_Managerio_Project.app; sourceTree = BUILT_PRODUCTS_DIR; };
		C86424532D88DBFB00D7A9D6 /* Mobile_Managerio_ProjectTests.xctest */ = {isa = PBXFileReference; explicitFileType = wrapper.cfbundle; includeInIndex = 0; path = Mobile_Managerio_ProjectTests.xctest; sourceTree = BUILT_PRODUCTS_DIR; };
		C864245D2D88DBFB00D7A9D6 /* Mobile_Managerio_ProjectUITests.xctest */ = {isa = PBXFileReference; explicitFileType = wrapper.cfbundle; includeInIndex = 0; path = Mobile_Managerio_ProjectUITests.xctest; sourceTree = BUILT_PRODUCTS_DIR; };
/* End PBXFileReference section */

/* Begin PBXFileSystemSynchronizedBuildFileExceptionSet section */
		C86424652D88DBFB00D7A9D6 /* Exceptions for "Mobile_Managerio_Project" folder in "Mobile_Managerio_Project" target */ = {
			isa = PBXFileSystemSynchronizedBuildFileExceptionSet;
			membershipExceptions = (
				Info.plist,
			);
			target = C86424392D88DBFA00D7A9D6 /* Mobile_Managerio_Project */;
		};
/* End PBXFileSystemSynchronizedBuildFileExceptionSet section */

/* Begin PBXFileSystemSynchronizedRootGroup section */
		C864243C2D88DBFA00D7A9D6 /* Mobile_Managerio_Project */ = {
			isa = PBXFileSystemSynchronizedRootGroup;
			exceptions = (
				C86424652D88DBFB00D7A9D6 /* Exceptions for "Mobile_Managerio_Project" folder in "Mobile_Managerio_Project" target */,
			);
			path = Mobile_Managerio_Project;
			sourceTree = "<group>";
		};
		C86424562D88DBFB00D7A9D6 /* Mobile_Managerio_ProjectTests */ = {
			isa = PBXFileSystemSynchronizedRootGroup;
			path = Mobile_Managerio_ProjectTests;
			sourceTree = "<group>";
		};
		C86424602D88DBFB00D7A9D6 /* Mobile_Managerio_ProjectUITests */ = {
			isa = PBXFileSystemSynchronizedRootGroup;
			path = Mobile_Managerio_ProjectUITests;
			sourceTree = "<group>";
		};
/* End PBXFileSystemSynchronizedRootGroup section */

/* Begin PBXFrameworksBuildPhase section */
		C86424372D88DBFA00D7A9D6 /* Frameworks */ = {
			isa = PBXFrameworksBuildPhase;
			buildActionMask = 2147483647;
			files = (
			);
			runOnlyForDeploymentPostprocessing = 0;
		};
		C86424502D88DBFB00D7A9D6 /* Frameworks */ = {
			isa = PBXFrameworksBuildPhase;
			buildActionMask = 2147483647;
			files = (
			);
			runOnlyForDeploymentPostprocessing = 0;
		};
		C864245A2D88DBFB00D7A9D6 /* Frameworks */ = {
			isa = PBXFrameworksBuildPhase;
			buildActionMask = 2147483647;
			files = (
			);
			runOnlyForDeploymentPostprocessing = 0;
		};
/* End PBXFrameworksBuildPhase section */

/* Begin PBXGroup section */
		C86424312D88DBF900D7A9D6 = {
			isa = PBXGroup;
			children = (
				C864243C2D88DBFA00D7A9D6 /* Mobile_Managerio_Project */,
				C86424562D88DBFB00D7A9D6 /* Mobile_Managerio_ProjectTests */,
				C86424602D88DBFB00D7A9D6 /* Mobile_Managerio_ProjectUITests */,
				C864243B2D88DBFA00D7A9D6 /* Products */,
			);
			sourceTree = "<group>";
		};
		C864243B2D88DBFA00D7A9D6 /* Products */ = {
			isa = PBXGroup;
			children = (
				C864243A2D88DBFA00D7A9D6 /* Mobile_Managerio_Project.app */,
				C86424532D88DBFB00D7A9D6 /* Mobile_Managerio_ProjectTests.xctest */,
				C864245D2D88DBFB00D7A9D6 /* Mobile_Managerio_ProjectUITests.xctest */,
			);
			name = Products;
			sourceTree = "<group>";
		};
/* End PBXGroup section */

/* Begin PBXNativeTarget section */
		C86424392D88DBFA00D7A9D6 /* Mobile_Managerio_Project */ = {
			isa = PBXNativeTarget;
			buildConfigurationList = C86424662D88DBFB00D7A9D6 /* Build configuration list for PBXNativeTarget "Mobile_Managerio_Project" */;
			buildPhases = (
				C86424362D88DBFA00D7A9D6 /* Sources */,
				C86424372D88DBFA00D7A9D6 /* Frameworks */,
				C86424382D88DBFA00D7A9D6 /* Resources */,
			);
			buildRules = (
			);
			dependencies = (
			);
			fileSystemSynchronizedGroups = (
				C864243C2D88DBFA00D7A9D6 /* Mobile_Managerio_Project */,
			);
			name = Mobile_Managerio_Project;
			packageProductDependencies = (
			);
			productName = Mobile_Managerio_Project;
			productReference = C864243A2D88DBFA00D7A9D6 /* Mobile_Managerio_Project.app */;
			productType = "com.apple.product-type.application";
		};
		C86424522D88DBFB00D7A9D6 /* Mobile_Managerio_ProjectTests */ = {
			isa = PBXNativeTarget;
			buildConfigurationList = C864246B2D88DBFB00D7A9D6 /* Build configuration list for PBXNativeTarget "Mobile_Managerio_ProjectTests" */;
			buildPhases = (
				C864244F2D88DBFB00D7A9D6 /* Sources */,
				C86424502D88DBFB00D7A9D6 /* Frameworks */,
				C86424512D88DBFB00D7A9D6 /* Resources */,
			);
			buildRules = (
			);
			dependencies = (
				C86424552D88DBFB00D7A9D6 /* PBXTargetDependency */,
			);
			fileSystemSynchronizedGroups = (
				C86424562D88DBFB00D7A9D6 /* Mobile_Managerio_ProjectTests */,
			);
			name = Mobile_Managerio_ProjectTests;
			packageProductDependencies = (
			);
			productName = Mobile_Managerio_ProjectTests;
			productReference = C86424532D88DBFB00D7A9D6 /* Mobile_Managerio_ProjectTests.xctest */;
			productType = "com.apple.product-type.bundle.unit-test";
		};
		C864245C2D88DBFB00D7A9D6 /* Mobile_Managerio_ProjectUITests */ = {
			isa = PBXNativeTarget;
			buildConfigurationList = C864246E2D88DBFB00D7A9D6 /* Build configuration list for PBXNativeTarget "Mobile_Managerio_ProjectUITests" */;
			buildPhases = (
				C86424592D88DBFB00D7A9D6 /* Sources */,
				C864245A2D88DBFB00D7A9D6 /* Frameworks */,
				C864245B2D88DBFB00D7A9D6 /* Resources */,
			);
			buildRules = (
			);
			dependencies = (
				C864245F2D88DBFB00D7A9D6 /* PBXTargetDependency */,
			);
			fileSystemSynchronizedGroups = (
				C86424602D88DBFB00D7A9D6 /* Mobile_Managerio_ProjectUITests */,
			);
			name = Mobile_Managerio_ProjectUITests;
			packageProductDependencies = (
			);
			productName = Mobile_Managerio_ProjectUITests;
			productReference = C864245D2D88DBFB00D7A9D6 /* Mobile_Managerio_ProjectUITests.xctest */;
			productType = "com.apple.product-type.bundle.ui-testing";
		};
/* End PBXNativeTarget section */

/* Begin PBXProject section */
		C86424322D88DBF900D7A9D6 /* Project object */ = {
			isa = PBXProject;
			attributes = {
				BuildIndependentTargetsInParallel = 1;
				LastSwiftUpdateCheck = 1620;
				LastUpgradeCheck = 1620;
				TargetAttributes = {
					C86424392D88DBFA00D7A9D6 = {
						CreatedOnToolsVersion = 16.2;
					};
					C86424522D88DBFB00D7A9D6 = {
						CreatedOnToolsVersion = 16.2;
						TestTargetID = C86424392D88DBFA00D7A9D6;
					};
					C864245C2D88DBFB00D7A9D6 = {
						CreatedOnToolsVersion = 16.2;
						TestTargetID = C86424392D88DBFA00D7A9D6;
					};
				};
			};
			buildConfigurationList = C86424352D88DBF900D7A9D6 /* Build configuration list for PBXProject "Mobile_Managerio_Project" */;
			developmentRegion = en;
			hasScannedForEncodings = 0;
			knownRegions = (
				en,
				Base,
			);
			mainGroup = C86424312D88DBF900D7A9D6;
			minimizedProjectReferenceProxies = 1;
			preferredProjectObjectVersion = 77;
			productRefGroup = C864243B2D88DBFA00D7A9D6 /* Products */;
			projectDirPath = "";
			projectRoot = "";
			targets = (
				C86424392D88DBFA00D7A9D6 /* Mobile_Managerio_Project */,
				C86424522D88DBFB00D7A9D6 /* Mobile_Managerio_ProjectTests */,
				C864245C2D88DBFB00D7A9D6 /* Mobile_Managerio_ProjectUITests */,
			);
		};
/* End PBXProject section */

/* Begin PBXResourcesBuildPhase section */
		C86424382D88DBFA00D7A9D6 /* Resources */ = {
			isa = PBXResourcesBuildPhase;
			buildActionMask = 2147483647;
			files = (
			);
			runOnlyForDeploymentPostprocessing = 0;
		};
		C86424512D88DBFB00D7A9D6 /* Resources */ = {
			isa = PBXResourcesBuildPhase;
			buildActionMask = 2147483647;
			files = (
			);
			runOnlyForDeploymentPostprocessing = 0;
		};
		C864245B2D88DBFB00D7A9D6 /* Resources */ = {
			isa = PBXResourcesBuildPhase;
			buildActionMask = 2147483647;
			files = (
			);
			runOnlyForDeploymentPostprocessing = 0;
		};
/* End PBXResourcesBuildPhase section */

/* Begin PBXSourcesBuildPhase section */
		C86424362D88DBFA00D7A9D6 /* Sources */ = {
			isa = PBXSourcesBuildPhase;
			buildActionMask = 2147483647;
			files = (
			);
			runOnlyForDeploymentPostprocessing = 0;
		};
		C864244F2D88DBFB00D7A9D6 /* Sources */ = {
			isa = PBXSourcesBuildPhase;
			buildActionMask = 2147483647;
			files = (
			);
			runOnlyForDeploymentPostprocessing = 0;
		};
		C86424592D88DBFB00D7A9D6 /* Sources */ = {
			isa = PBXSourcesBuildPhase;
			buildActionMask = 2147483647;
			files = (
			);
			runOnlyForDeploymentPostprocessing = 0;
		};
/* End PBXSourcesBuildPhase section */

/* Begin PBXTargetDependency section */
		C86424552D88DBFB00D7A9D6 /* PBXTargetDependency */ = {
			isa = PBXTargetDependency;
			target = C86424392D88DBFA00D7A9D6 /* Mobile_Managerio_Project */;
			targetProxy = C86424542D88DBFB00D7A9D6 /* PBXContainerItemProxy */;
		};
		C864245F2D88DBFB00D7A9D6 /* PBXTargetDependency */ = {
			isa = PBXTargetDependency;
			target = C86424392D88DBFA00D7A9D6 /* Mobile_Managerio_Project */;
			targetProxy = C864245E2D88DBFB00D7A9D6 /* PBXContainerItemProxy */;
		};
/* End PBXTargetDependency section */

/* Begin XCBuildConfiguration section */
		C86424672D88DBFB00D7A9D6 /* Debug */ = {
			isa = XCBuildConfiguration;
			buildSettings = {
				ASSETCATALOG_COMPILER_APPICON_NAME = AppIcon;
				ASSETCATALOG_COMPILER_GLOBAL_ACCENT_COLOR_NAME = AccentColor;
				CODE_SIGN_STYLE = Automatic;
				CURRENT_PROJECT_VERSION = 1;
				GENERATE_INFOPLIST_FILE = YES;
				INFOPLIST_FILE = Mobile_Managerio_Project/Info.plist;
				INFOPLIST_KEY_UIApplicationSupportsIndirectInputEvents = YES;
				INFOPLIST_KEY_UILaunchStoryboardName = LaunchScreen;
				INFOPLIST_KEY_UIMainStoryboardFile = Main;
				INFOPLIST_KEY_UISupportedInterfaceOrientations_iPad = "UIInterfaceOrientationPortrait UIInterfaceOrientationPortraitUpsideDown UIInterfaceOrientationLandscapeLeft UIInterfaceOrientationLandscapeRight";
				INFOPLIST_KEY_UISupportedInterfaceOrientations_iPhone = "UIInterfaceOrientationPortrait UIInterfaceOrientationLandscapeLeft UIInterfaceOrientationLandscapeRight";
				LD_RUNPATH_SEARCH_PATHS = (
					"$(inherited)",
					"@executable_path/Frameworks",
				);
				MARKETING_VERSION = 1.0;
				PRODUCT_BUNDLE_IDENTIFIER = "GBC.Mobile-Managerio-Project";
				PRODUCT_NAME = "$(TARGET_NAME)";
				SWIFT_EMIT_LOC_STRINGS = YES;
				SWIFT_VERSION = 5.0;
				TARGETED_DEVICE_FAMILY = "1,2";
			};
			name = Debug;
		};
		C86424682D88DBFB00D7A9D6 /* Release */ = {
			isa = XCBuildConfiguration;
			buildSettings = {
				ASSETCATALOG_COMPILER_APPICON_NAME = AppIcon;
				ASSETCATALOG_COMPILER_GLOBAL_ACCENT_COLOR_NAME = AccentColor;
				CODE_SIGN_STYLE = Automatic;
				CURRENT_PROJECT_VERSION = 1;
				GENERATE_INFOPLIST_FILE = YES;
				INFOPLIST_FILE = Mobile_Managerio_Project/Info.plist;
				INFOPLIST_KEY_UIApplicationSupportsIndirectInputEvents = YES;
				INFOPLIST_KEY_UILaunchStoryboardName = LaunchScreen;
				INFOPLIST_KEY_UIMainStoryboardFile = Main;
				INFOPLIST_KEY_UISupportedInterfaceOrientations_iPad = "UIInterfaceOrientationPortrait UIInterfaceOrientationPortraitUpsideDown UIInterfaceOrientationLandscapeLeft UIInterfaceOrientationLandscapeRight";
				INFOPLIST_KEY_UISupportedInterfaceOrientations_iPhone = "UIInterfaceOrientationPortrait UIInterfaceOrientationLandscapeLeft UIInterfaceOrientationLandscapeRight";
				LD_RUNPATH_SEARCH_PATHS = (
					"$(inherited)",
					"@executable_path/Frameworks",
				);
				MARKETING_VERSION = 1.0;
				PRODUCT_BUNDLE_IDENTIFIER = "GBC.Mobile-Managerio-Project";
				PRODUCT_NAME = "$(TARGET_NAME)";
				SWIFT_EMIT_LOC_STRINGS = YES;
				SWIFT_VERSION = 5.0;
				TARGETED_DEVICE_FAMILY = "1,2";
			};
			name = Release;
		};
		C86424692D88DBFB00D7A9D6 /* Debug */ = {
			isa = XCBuildConfiguration;
			buildSettings = {
				ALWAYS_SEARCH_USER_PATHS = NO;
				ASSETCATALOG_COMPILER_GENERATE_SWIFT_ASSET_SYMBOL_EXTENSIONS = YES;
				CLANG_ANALYZER_NONNULL = YES;
				CLANG_ANALYZER_NUMBER_OBJECT_CONVERSION = YES_AGGRESSIVE;
				CLANG_CXX_LANGUAGE_STANDARD = "gnu++20";
				CLANG_ENABLE_MODULES = YES;
				CLANG_ENABLE_OBJC_ARC = YES;
				CLANG_ENABLE_OBJC_WEAK = YES;
				CLANG_WARN_BLOCK_CAPTURE_AUTORELEASING = YES;
				CLANG_WARN_BOOL_CONVERSION = YES;
				CLANG_WARN_COMMA = YES;
				CLANG_WARN_CONSTANT_CONVERSION = YES;
				CLANG_WARN_DEPRECATED_OBJC_IMPLEMENTATIONS = YES;
				CLANG_WARN_DIRECT_OBJC_ISA_USAGE = YES_ERROR;
				CLANG_WARN_DOCUMENTATION_COMMENTS = YES;
				CLANG_WARN_EMPTY_BODY = YES;
				CLANG_WARN_ENUM_CONVERSION = YES;
				CLANG_WARN_INFINITE_RECURSION = YES;
				CLANG_WARN_INT_CONVERSION = YES;
				CLANG_WARN_NON_LITERAL_NULL_CONVERSION = YES;
				CLANG_WARN_OBJC_IMPLICIT_RETAIN_SELF = YES;
				CLANG_WARN_OBJC_LITERAL_CONVERSION = YES;
				CLANG_WARN_OBJC_ROOT_CLASS = YES_ERROR;
				CLANG_WARN_QUOTED_INCLUDE_IN_FRAMEWORK_HEADER = YES;
				CLANG_WARN_RANGE_LOOP_ANALYSIS = YES;
				CLANG_WARN_STRICT_PROTOTYPES = YES;
				CLANG_WARN_SUSPICIOUS_MOVE = YES;
				CLANG_WARN_UNGUARDED_AVAILABILITY = YES_AGGRESSIVE;
				CLANG_WARN_UNREACHABLE_CODE = YES;
				CLANG_WARN__DUPLICATE_METHOD_MATCH = YES;
				COPY_PHASE_STRIP = NO;
				DEBUG_INFORMATION_FORMAT = dwarf;
				ENABLE_STRICT_OBJC_MSGSEND = YES;
				ENABLE_TESTABILITY = YES;
				ENABLE_USER_SCRIPT_SANDBOXING = YES;
				GCC_C_LANGUAGE_STANDARD = gnu17;
				GCC_DYNAMIC_NO_PIC = NO;
				GCC_NO_COMMON_BLOCKS = YES;
				GCC_OPTIMIZATION_LEVEL = 0;
				GCC_PREPROCESSOR_DEFINITIONS = (
					"DEBUG=1",
					"$(inherited)",
				);
				GCC_WARN_64_TO_32_BIT_CONVERSION = YES;
				GCC_WARN_ABOUT_RETURN_TYPE = YES_ERROR;
				GCC_WARN_UNDECLARED_SELECTOR = YES;
				GCC_WARN_UNINITIALIZED_AUTOS = YES_AGGRESSIVE;
				GCC_WARN_UNUSED_FUNCTION = YES;
				GCC_WARN_UNUSED_VARIABLE = YES;
				IPHONEOS_DEPLOYMENT_TARGET = 18.2;
				LOCALIZATION_PREFERS_STRING_CATALOGS = YES;
				MTL_ENABLE_DEBUG_INFO = INCLUDE_SOURCE;
				MTL_FAST_MATH = YES;
				ONLY_ACTIVE_ARCH = YES;
				SDKROOT = iphoneos;
				SWIFT_ACTIVE_COMPILATION_CONDITIONS = "DEBUG $(inherited)";
				SWIFT_OPTIMIZATION_LEVEL = "-Onone";
			};
			name = Debug;
		};
		C864246A2D88DBFB00D7A9D6 /* Release */ = {
			isa = XCBuildConfiguration;
			buildSettings = {
				ALWAYS_SEARCH_USER_PATHS = NO;
				ASSETCATALOG_COMPILER_GENERATE_SWIFT_ASSET_SYMBOL_EXTENSIONS = YES;
				CLANG_ANALYZER_NONNULL = YES;
				CLANG_ANALYZER_NUMBER_OBJECT_CONVERSION = YES_AGGRESSIVE;
				CLANG_CXX_LANGUAGE_STANDARD = "gnu++20";
				CLANG_ENABLE_MODULES = YES;
				CLANG_ENABLE_OBJC_ARC = YES;
				CLANG_ENABLE_OBJC_WEAK = YES;
				CLANG_WARN_BLOCK_CAPTURE_AUTORELEASING = YES;
				CLANG_WARN_BOOL_CONVERSION = YES;
				CLANG_WARN_COMMA = YES;
				CLANG_WARN_CONSTANT_CONVERSION = YES;
				CLANG_WARN_DEPRECATED_OBJC_IMPLEMENTATIONS = YES;
				CLANG_WARN_DIRECT_OBJC_ISA_USAGE = YES_ERROR;
				CLANG_WARN_DOCUMENTATION_COMMENTS = YES;
				CLANG_WARN_EMPTY_BODY = YES;
				CLANG_WARN_ENUM_CONVERSION = YES;
				CLANG_WARN_INFINITE_RECURSION = YES;
				CLANG_WARN_INT_CONVERSION = YES;
				CLANG_WARN_NON_LITERAL_NULL_CONVERSION = YES;
				CLANG_WARN_OBJC_IMPLICIT_RETAIN_SELF = YES;
				CLANG_WARN_OBJC_LITERAL_CONVERSION = YES;
				CLANG_WARN_OBJC_ROOT_CLASS = YES_ERROR;
				CLANG_WARN_QUOTED_INCLUDE_IN_FRAMEWORK_HEADER = YES;
				CLANG_WARN_RANGE_LOOP_ANALYSIS = YES;
				CLANG_WARN_STRICT_PROTOTYPES = YES;
				CLANG_WARN_SUSPICIOUS_MOVE = YES;
				CLANG_WARN_UNGUARDED_AVAILABILITY = YES_AGGRESSIVE;
				CLANG_WARN_UNREACHABLE_CODE = YES;
				CLANG_WARN__DUPLICATE_METHOD_MATCH = YES;
				COPY_PHASE_STRIP = NO;
				DEBUG_INFORMATION_FORMAT = "dwarf-with-dsym";
				ENABLE_NS_ASSERTIONS = NO;
				ENABLE_STRICT_OBJC_MSGSEND = YES;
				ENABLE_USER_SCRIPT_SANDBOXING = YES;
				GCC_C_LANGUAGE_STANDARD = gnu17;
				GCC_NO_COMMON_BLOCKS = YES;
				GCC_WARN_64_TO_32_BIT_CONVERSION = YES;
				GCC_WARN_ABOUT_RETURN_TYPE = YES_ERROR;
				GCC_WARN_UNDECLARED_SELECTOR = YES;
				GCC_WARN_UNINITIALIZED_AUTOS = YES_AGGRESSIVE;
				GCC_WARN_UNUSED_FUNCTION = YES;
				GCC_WARN_UNUSED_VARIABLE = YES;
				IPHONEOS_DEPLOYMENT_TARGET = 18.2;
				LOCALIZATION_PREFERS_STRING_CATALOGS = YES;
				MTL_ENABLE_DEBUG_INFO = NO;
				MTL_FAST_MATH = YES;
				SDKROOT = iphoneos;
				SWIFT_COMPILATION_MODE = wholemodule;
				VALIDATE_PRODUCT = YES;
			};
			name = Release;
		};
		C864246C2D88DBFB00D7A9D6 /* Debug */ = {
			isa = XCBuildConfiguration;
			buildSettings = {
				BUNDLE_LOADER = "$(TEST_HOST)";
				CODE_SIGN_STYLE = Automatic;
				CURRENT_PROJECT_VERSION = 1;
				GENERATE_INFOPLIST_FILE = YES;
				IPHONEOS_DEPLOYMENT_TARGET = 18.2;
				MARKETING_VERSION = 1.0;
				PRODUCT_BUNDLE_IDENTIFIER = "GBC.Mobile-Managerio-ProjectTests";
				PRODUCT_NAME = "$(TARGET_NAME)";
				SWIFT_EMIT_LOC_STRINGS = NO;
				SWIFT_VERSION = 5.0;
				TARGETED_DEVICE_FAMILY = "1,2";
				TEST_HOST = "$(BUILT_PRODUCTS_DIR)/Mobile_Managerio_Project.app/$(BUNDLE_EXECUTABLE_FOLDER_PATH)/Mobile_Managerio_Project";
			};
			name = Debug;
		};
		C864246D2D88DBFB00D7A9D6 /* Release */ = {
			isa = XCBuildConfiguration;
			buildSettings = {
				BUNDLE_LOADER = "$(TEST_HOST)";
				CODE_SIGN_STYLE = Automatic;
				CURRENT_PROJECT_VERSION = 1;
				GENERATE_INFOPLIST_FILE = YES;
				IPHONEOS_DEPLOYMENT_TARGET = 18.2;
				MARKETING_VERSION = 1.0;
				PRODUCT_BUNDLE_IDENTIFIER = "GBC.Mobile-Managerio-ProjectTests";
				PRODUCT_NAME = "$(TARGET_NAME)";
				SWIFT_EMIT_LOC_STRINGS = NO;
				SWIFT_VERSION = 5.0;
				TARGETED_DEVICE_FAMILY = "1,2";
				TEST_HOST = "$(BUILT_PRODUCTS_DIR)/Mobile_Managerio_Project.app/$(BUNDLE_EXECUTABLE_FOLDER_PATH)/Mobile_Managerio_Project";
			};
			name = Release;
		};
		C864246F2D88DBFB00D7A9D6 /* Debug */ = {
			isa = XCBuildConfiguration;
			buildSettings = {
				CODE_SIGN_STYLE = Automatic;
				CURRENT_PROJECT_VERSION = 1;
				GENERATE_INFOPLIST_FILE = YES;
				MARKETING_VERSION = 1.0;
				PRODUCT_BUNDLE_IDENTIFIER = "GBC.Mobile-Managerio-ProjectUITests";
				PRODUCT_NAME = "$(TARGET_NAME)";
				SWIFT_EMIT_LOC_STRINGS = NO;
				SWIFT_VERSION = 5.0;
				TARGETED_DEVICE_FAMILY = "1,2";
				TEST_TARGET_NAME = Mobile_Managerio_Project;
			};
			name = Debug;
		};
		C86424702D88DBFB00D7A9D6 /* Release */ = {
			isa = XCBuildConfiguration;
			buildSettings = {
				CODE_SIGN_STYLE = Automatic;
				CURRENT_PROJECT_VERSION = 1;
				GENERATE_INFOPLIST_FILE = YES;
				MARKETING_VERSION = 1.0;
				PRODUCT_BUNDLE_IDENTIFIER = "GBC.Mobile-Managerio-ProjectUITests";
				PRODUCT_NAME = "$(TARGET_NAME)";
				SWIFT_EMIT_LOC_STRINGS = NO;
				SWIFT_VERSION = 5.0;
				TARGETED_DEVICE_FAMILY = "1,2";
				TEST_TARGET_NAME = Mobile_Managerio_Project;
			};
			name = Release;
		};
/* End XCBuildConfiguration section */

/* Begin XCConfigurationList section */
		C86424352D88DBF900D7A9D6 /* Build configuration list for PBXProject "Mobile_Managerio_Project" */ = {
			isa = XCConfigurationList;
			buildConfigurations = (
				C86424692D88DBFB00D7A9D6 /* Debug */,
				C864246A2D88DBFB00D7A9D6 /* Release */,
			);
			defaultConfigurationIsVisible = 0;
			defaultConfigurationName = Release;
		};
		C86424662D88DBFB00D7A9D6 /* Build configuration list for PBXNativeTarget "Mobile_Managerio_Project" */ = {
			isa = XCConfigurationList;
			buildConfigurations = (
				C86424672D88DBFB00D7A9D6 /* Debug */,
				C86424682D88DBFB00D7A9D6 /* Release */,
			);
			defaultConfigurationIsVisible = 0;
			defaultConfigurationName = Release;
		};
		C864246B2D88DBFB00D7A9D6 /* Build configuration list for PBXNativeTarget "Mobile_Managerio_ProjectTests" */ = {
			isa = XCConfigurationList;
			buildConfigurations = (
				C864246C2D88DBFB00D7A9D6 /* Debug */,
				C864246D2D88DBFB00D7A9D6 /* Release */,
			);
			defaultConfigurationIsVisible = 0;
			defaultConfigurationName = Release;
		};
		C864246E2D88DBFB00D7A9D6 /* Build configuration list for PBXNativeTarget "Mobile_Managerio_ProjectUITests" */ = {
			isa = XCConfigurationList;
			buildConfigurations = (
				C864246F2D88DBFB00D7A9D6 /* Debug */,
				C86424702D88DBFB00D7A9D6 /* Release */,
			);
			defaultConfigurationIsVisible = 0;
			defaultConfigurationName = Release;
		};
/* End XCConfigurationList section */
	};
	rootObject = C86424322D88DBF900D7A9D6 /* Project object */;
}
